// !$*UTF8*$!
{
	archiveVersion = 1;
	classes = {
	};
	objectVersion = 56;
	objects = {

/* Begin PBXBuildFile section */
		BC065E522B0756A50002E6FD /* InfoPlist.strings in Resources */ = {isa = PBXBuildFile; fileRef = BC065E542B0756A50002E6FD /* InfoPlist.strings */; };
		BC317A162AFD5A2C00CBC932 /* SkeletonView in Frameworks */ = {isa = PBXBuildFile; productRef = BC317A152AFD5A2C00CBC932 /* SkeletonView */; };
		BC317A182AFD5C9500CBC932 /* WeatherLoad.swift in Sources */ = {isa = PBXBuildFile; fileRef = BC317A172AFD5C9500CBC932 /* WeatherLoad.swift */; };
		BC32C7B82AC609FC00AFB265 /* WeatherHeaderView.swift in Sources */ = {isa = PBXBuildFile; fileRef = BC32C7B72AC609FC00AFB265 /* WeatherHeaderView.swift */; };
		BC32C7BA2AC6132700AFB265 /* SemiCircleView.swift in Sources */ = {isa = PBXBuildFile; fileRef = BC32C7B92AC6132700AFB265 /* SemiCircleView.swift */; };
		BC32C7BC2AC64AC800AFB265 /* WeatherMainInfoView.swift in Sources */ = {isa = PBXBuildFile; fileRef = BC32C7BB2AC64AC800AFB265 /* WeatherMainInfoView.swift */; };
		BC3389E12AC39EB200B6514E /* ShadowButton.swift in Sources */ = {isa = PBXBuildFile; fileRef = BC3389E02AC39EB200B6514E /* ShadowButton.swift */; };
		BC3389E32AC4C7FE00B6514E /* WeatherPageViewController.swift in Sources */ = {isa = PBXBuildFile; fileRef = BC3389E22AC4C7FE00B6514E /* WeatherPageViewController.swift */; };
		BC37E3402AC9EC710084B635 /* Forecast24HoursViewController.swift in Sources */ = {isa = PBXBuildFile; fileRef = BC37E33F2AC9EC710084B635 /* Forecast24HoursViewController.swift */; };
		BC38C5802AC7734B009A381B /* WeatherForecastDaily.swift in Sources */ = {isa = PBXBuildFile; fileRef = BC38C57F2AC7734B009A381B /* WeatherForecastDaily.swift */; };
		BC38C5822AC776B6009A381B /* WeatherCollectionViewCell.swift in Sources */ = {isa = PBXBuildFile; fileRef = BC38C5812AC776B6009A381B /* WeatherCollectionViewCell.swift */; };
		BC484EB42AF2D94F00E40479 /* WeatherFooterView.swift in Sources */ = {isa = PBXBuildFile; fileRef = BC484EB32AF2D94F00E40479 /* WeatherFooterView.swift */; };
		BC51D1DA2B05235A00124769 /* Localized.swift in Sources */ = {isa = PBXBuildFile; fileRef = BC51D1D92B05235A00124769 /* Localized.swift */; };
		BC51D1DF2B053B0900124769 /* Localizable.strings in Resources */ = {isa = PBXBuildFile; fileRef = BC51D1E12B053B0900124769 /* Localizable.strings */; };
		BC85E41E2AD0D72B00E117F2 /* WeatherData.swift in Sources */ = {isa = PBXBuildFile; fileRef = BC85E41D2AD0D72B00E117F2 /* WeatherData.swift */; };
		BC85E4202AD0E09E00E117F2 /* WeatherFormats.swift in Sources */ = {isa = PBXBuildFile; fileRef = BC85E41F2AD0E09E00E117F2 /* WeatherFormats.swift */; };
		BC85E4232AD2E5BE00E117F2 /* LocationObject.swift in Sources */ = {isa = PBXBuildFile; fileRef = BC85E4222AD2E5BE00E117F2 /* LocationObject.swift */; };
		BC85E4262AD3618F00E117F2 /* Realm in Frameworks */ = {isa = PBXBuildFile; productRef = BC85E4252AD3618F00E117F2 /* Realm */; };
		BC85E4282AD3618F00E117F2 /* RealmSwift in Frameworks */ = {isa = PBXBuildFile; productRef = BC85E4272AD3618F00E117F2 /* RealmSwift */; };
		BC85E42B2AD364F900E117F2 /* Location.swift in Sources */ = {isa = PBXBuildFile; fileRef = BC85E42A2AD364F900E117F2 /* Location.swift */; };
		BC85E42E2AD36A4200E117F2 /* RealmService.swift in Sources */ = {isa = PBXBuildFile; fileRef = BC85E42D2AD36A4200E117F2 /* RealmService.swift */; };
		BC85E4302AD3F22F00E117F2 /* WeatherForecastHourly.swift in Sources */ = {isa = PBXBuildFile; fileRef = BC85E42F2AD3F22F00E117F2 /* WeatherForecastHourly.swift */; };
		BC85E4322AD3F27400E117F2 /* WeatherForecastCurrent.swift in Sources */ = {isa = PBXBuildFile; fileRef = BC85E4312AD3F27400E117F2 /* WeatherForecastCurrent.swift */; };
		BC85E4342AD3F49100E117F2 /* WeatherForecastDailyObject.swift in Sources */ = {isa = PBXBuildFile; fileRef = BC85E4332AD3F49100E117F2 /* WeatherForecastDailyObject.swift */; };
		BC85E4362AD40EE300E117F2 /* WeatherForecastHourlyObject.swift in Sources */ = {isa = PBXBuildFile; fileRef = BC85E4352AD40EE300E117F2 /* WeatherForecastHourlyObject.swift */; };
		BC85E4382AD40F3700E117F2 /* WeatherForecastCurrentObject.swift in Sources */ = {isa = PBXBuildFile; fileRef = BC85E4372AD40F3700E117F2 /* WeatherForecastCurrentObject.swift */; };
		BCA263452AC20D1800E753FB /* AppDelegate.swift in Sources */ = {isa = PBXBuildFile; fileRef = BCA263442AC20D1800E753FB /* AppDelegate.swift */; };
		BCA263472AC20D1800E753FB /* SceneDelegate.swift in Sources */ = {isa = PBXBuildFile; fileRef = BCA263462AC20D1800E753FB /* SceneDelegate.swift */; };
		BCA263492AC20D1800E753FB /* WeatherViewController.swift in Sources */ = {isa = PBXBuildFile; fileRef = BCA263482AC20D1800E753FB /* WeatherViewController.swift */; };
		BCA2634E2AC20D1900E753FB /* Assets.xcassets in Resources */ = {isa = PBXBuildFile; fileRef = BCA2634D2AC20D1900E753FB /* Assets.xcassets */; };
		BCA263512AC20D1900E753FB /* LaunchScreen.storyboard in Resources */ = {isa = PBXBuildFile; fileRef = BCA2634F2AC20D1900E753FB /* LaunchScreen.storyboard */; };
		BCA2636D2AC21F3600E753FB /* Rubik-VariableFont_wght.ttf in Resources */ = {isa = PBXBuildFile; fileRef = BCA2636C2AC21F3600E753FB /* Rubik-VariableFont_wght.ttf */; };
		BCA8A2522ACB67BC000973F4 /* DGCharts in Frameworks */ = {isa = PBXBuildFile; productRef = BCA8A2512ACB67BC000973F4 /* DGCharts */; };
		BCA8A2562ACC7F38000973F4 /* ChartValueFormatter.swift in Sources */ = {isa = PBXBuildFile; fileRef = BCA8A2552ACC7F38000973F4 /* ChartValueFormatter.swift */; };
		BCA8A2582ACC80E7000973F4 /* LineChartFillFormatter.swift in Sources */ = {isa = PBXBuildFile; fileRef = BCA8A2572ACC80E6000973F4 /* LineChartFillFormatter.swift */; };
		BCA8A25A2ACC8217000973F4 /* Forecast24HoursHeaderView.swift in Sources */ = {isa = PBXBuildFile; fileRef = BCA8A2592ACC8217000973F4 /* Forecast24HoursHeaderView.swift */; };
		BCA8A25C2ACC9728000973F4 /* ForecastCollectionViewCell.swift in Sources */ = {isa = PBXBuildFile; fileRef = BCA8A25B2ACC9728000973F4 /* ForecastCollectionViewCell.swift */; };
		BCA8A25E2ACDF640000973F4 /* ForecastTableViewCell.swift in Sources */ = {isa = PBXBuildFile; fileRef = BCA8A25D2ACDF640000973F4 /* ForecastTableViewCell.swift */; };
		BCA8A2612ACF1B69000973F4 /* SettingsViewController.swift in Sources */ = {isa = PBXBuildFile; fileRef = BCA8A2602ACF1B69000973F4 /* SettingsViewController.swift */; };
		BCA8A2632ACF1EA2000973F4 /* SettingsList.swift in Sources */ = {isa = PBXBuildFile; fileRef = BCA8A2622ACF1EA1000973F4 /* SettingsList.swift */; };
		BCA8A2652ACF215F000973F4 /* SettingsButton.swift in Sources */ = {isa = PBXBuildFile; fileRef = BCA8A2642ACF215F000973F4 /* SettingsButton.swift */; };
		BCA8A2672ACF2ED9000973F4 /* SettingsStackView.swift in Sources */ = {isa = PBXBuildFile; fileRef = BCA8A2662ACF2ED9000973F4 /* SettingsStackView.swift */; };
		BCA8EF342AC8CD6F00C39E5A /* WeatherTableViewCell.swift in Sources */ = {isa = PBXBuildFile; fileRef = BCA8EF332AC8CD6F00C39E5A /* WeatherTableViewCell.swift */; };
		BCA8EF362AC8E44E00C39E5A /* WeatherOptions.swift in Sources */ = {isa = PBXBuildFile; fileRef = BCA8EF352AC8E44E00C39E5A /* WeatherOptions.swift */; };
		BCE4F5FF2AC37BD200795144 /* OnboardingViewController.swift in Sources */ = {isa = PBXBuildFile; fileRef = BCE4F5FE2AC37BD200795144 /* OnboardingViewController.swift */; };
/* End PBXBuildFile section */

/* Begin PBXCopyFilesBuildPhase section */
		BC5EB8F02ADC52260064264C /* Embed Frameworks */ = {
			isa = PBXCopyFilesBuildPhase;
			buildActionMask = 2147483647;
			dstPath = "";
			dstSubfolderSpec = 10;
			files = (
			);
			name = "Embed Frameworks";
			runOnlyForDeploymentPostprocessing = 0;
		};
/* End PBXCopyFilesBuildPhase section */

/* Begin PBXFileReference section */
		BC065E532B0756A50002E6FD /* ru */ = {isa = PBXFileReference; lastKnownFileType = text.plist.strings; name = ru; path = ru.lproj/InfoPlist.strings; sourceTree = "<group>"; };
		BC317A172AFD5C9500CBC932 /* WeatherLoad.swift */ = {isa = PBXFileReference; lastKnownFileType = sourcecode.swift; path = WeatherLoad.swift; sourceTree = "<group>"; };
		BC32C7B72AC609FC00AFB265 /* WeatherHeaderView.swift */ = {isa = PBXFileReference; lastKnownFileType = sourcecode.swift; path = WeatherHeaderView.swift; sourceTree = "<group>"; };
		BC32C7B92AC6132700AFB265 /* SemiCircleView.swift */ = {isa = PBXFileReference; lastKnownFileType = sourcecode.swift; path = SemiCircleView.swift; sourceTree = "<group>"; };
		BC32C7BB2AC64AC800AFB265 /* WeatherMainInfoView.swift */ = {isa = PBXFileReference; lastKnownFileType = sourcecode.swift; path = WeatherMainInfoView.swift; sourceTree = "<group>"; };
		BC3389E02AC39EB200B6514E /* ShadowButton.swift */ = {isa = PBXFileReference; lastKnownFileType = sourcecode.swift; path = ShadowButton.swift; sourceTree = "<group>"; };
		BC3389E22AC4C7FE00B6514E /* WeatherPageViewController.swift */ = {isa = PBXFileReference; lastKnownFileType = sourcecode.swift; path = WeatherPageViewController.swift; sourceTree = "<group>"; };
		BC37E33F2AC9EC710084B635 /* Forecast24HoursViewController.swift */ = {isa = PBXFileReference; lastKnownFileType = sourcecode.swift; path = Forecast24HoursViewController.swift; sourceTree = "<group>"; };
		BC38C57F2AC7734B009A381B /* WeatherForecastDaily.swift */ = {isa = PBXFileReference; lastKnownFileType = sourcecode.swift; path = WeatherForecastDaily.swift; sourceTree = "<group>"; };
		BC38C5812AC776B6009A381B /* WeatherCollectionViewCell.swift */ = {isa = PBXFileReference; lastKnownFileType = sourcecode.swift; path = WeatherCollectionViewCell.swift; sourceTree = "<group>"; };
		BC484EB32AF2D94F00E40479 /* WeatherFooterView.swift */ = {isa = PBXFileReference; lastKnownFileType = sourcecode.swift; path = WeatherFooterView.swift; sourceTree = "<group>"; };
		BC51D1D92B05235A00124769 /* Localized.swift */ = {isa = PBXFileReference; lastKnownFileType = sourcecode.swift; path = Localized.swift; sourceTree = "<group>"; };
		BC51D1DC2B05242100124769 /* ru */ = {isa = PBXFileReference; lastKnownFileType = text.plist.strings; name = ru; path = ru.lproj/LaunchScreen.strings; sourceTree = "<group>"; };
		BC51D1E02B053B0900124769 /* ru */ = {isa = PBXFileReference; lastKnownFileType = text.plist.strings; name = ru; path = ru.lproj/Localizable.strings; sourceTree = "<group>"; };
		BC85E41B2AD0C84900E117F2 /* WeatherApp.entitlements */ = {isa = PBXFileReference; lastKnownFileType = text.plist.entitlements; path = WeatherApp.entitlements; sourceTree = "<group>"; };
		BC85E41D2AD0D72B00E117F2 /* WeatherData.swift */ = {isa = PBXFileReference; lastKnownFileType = sourcecode.swift; path = WeatherData.swift; sourceTree = "<group>"; };
		BC85E41F2AD0E09E00E117F2 /* WeatherFormats.swift */ = {isa = PBXFileReference; lastKnownFileType = sourcecode.swift; path = WeatherFormats.swift; sourceTree = "<group>"; };
		BC85E4222AD2E5BE00E117F2 /* LocationObject.swift */ = {isa = PBXFileReference; lastKnownFileType = sourcecode.swift; path = LocationObject.swift; sourceTree = "<group>"; };
		BC85E42A2AD364F900E117F2 /* Location.swift */ = {isa = PBXFileReference; lastKnownFileType = sourcecode.swift; path = Location.swift; sourceTree = "<group>"; };
		BC85E42D2AD36A4200E117F2 /* RealmService.swift */ = {isa = PBXFileReference; lastKnownFileType = sourcecode.swift; path = RealmService.swift; sourceTree = "<group>"; };
		BC85E42F2AD3F22F00E117F2 /* WeatherForecastHourly.swift */ = {isa = PBXFileReference; lastKnownFileType = sourcecode.swift; path = WeatherForecastHourly.swift; sourceTree = "<group>"; };
		BC85E4312AD3F27400E117F2 /* WeatherForecastCurrent.swift */ = {isa = PBXFileReference; lastKnownFileType = sourcecode.swift; path = WeatherForecastCurrent.swift; sourceTree = "<group>"; };
		BC85E4332AD3F49100E117F2 /* WeatherForecastDailyObject.swift */ = {isa = PBXFileReference; lastKnownFileType = sourcecode.swift; path = WeatherForecastDailyObject.swift; sourceTree = "<group>"; };
		BC85E4352AD40EE300E117F2 /* WeatherForecastHourlyObject.swift */ = {isa = PBXFileReference; lastKnownFileType = sourcecode.swift; path = WeatherForecastHourlyObject.swift; sourceTree = "<group>"; };
		BC85E4372AD40F3700E117F2 /* WeatherForecastCurrentObject.swift */ = {isa = PBXFileReference; lastKnownFileType = sourcecode.swift; path = WeatherForecastCurrentObject.swift; sourceTree = "<group>"; };
		BCA263412AC20D1800E753FB /* WeatherApp.app */ = {isa = PBXFileReference; explicitFileType = wrapper.application; includeInIndex = 0; path = WeatherApp.app; sourceTree = BUILT_PRODUCTS_DIR; };
		BCA263442AC20D1800E753FB /* AppDelegate.swift */ = {isa = PBXFileReference; lastKnownFileType = sourcecode.swift; path = AppDelegate.swift; sourceTree = "<group>"; };
		BCA263462AC20D1800E753FB /* SceneDelegate.swift */ = {isa = PBXFileReference; lastKnownFileType = sourcecode.swift; path = SceneDelegate.swift; sourceTree = "<group>"; };
		BCA263482AC20D1800E753FB /* WeatherViewController.swift */ = {isa = PBXFileReference; lastKnownFileType = sourcecode.swift; path = WeatherViewController.swift; sourceTree = "<group>"; };
		BCA2634D2AC20D1900E753FB /* Assets.xcassets */ = {isa = PBXFileReference; lastKnownFileType = folder.assetcatalog; path = Assets.xcassets; sourceTree = "<group>"; };
		BCA263502AC20D1900E753FB /* Base */ = {isa = PBXFileReference; lastKnownFileType = file.storyboard; name = Base; path = Base.lproj/LaunchScreen.storyboard; sourceTree = "<group>"; };
		BCA263522AC20D1900E753FB /* Info.plist */ = {isa = PBXFileReference; lastKnownFileType = text.plist.xml; path = Info.plist; sourceTree = "<group>"; };
		BCA2636C2AC21F3600E753FB /* Rubik-VariableFont_wght.ttf */ = {isa = PBXFileReference; lastKnownFileType = file; path = "Rubik-VariableFont_wght.ttf"; sourceTree = "<group>"; };
		BCA8A2552ACC7F38000973F4 /* ChartValueFormatter.swift */ = {isa = PBXFileReference; lastKnownFileType = sourcecode.swift; path = ChartValueFormatter.swift; sourceTree = "<group>"; };
		BCA8A2572ACC80E6000973F4 /* LineChartFillFormatter.swift */ = {isa = PBXFileReference; lastKnownFileType = sourcecode.swift; path = LineChartFillFormatter.swift; sourceTree = "<group>"; };
		BCA8A2592ACC8217000973F4 /* Forecast24HoursHeaderView.swift */ = {isa = PBXFileReference; lastKnownFileType = sourcecode.swift; path = Forecast24HoursHeaderView.swift; sourceTree = "<group>"; };
		BCA8A25B2ACC9728000973F4 /* ForecastCollectionViewCell.swift */ = {isa = PBXFileReference; lastKnownFileType = sourcecode.swift; path = ForecastCollectionViewCell.swift; sourceTree = "<group>"; };
		BCA8A25D2ACDF640000973F4 /* ForecastTableViewCell.swift */ = {isa = PBXFileReference; lastKnownFileType = sourcecode.swift; path = ForecastTableViewCell.swift; sourceTree = "<group>"; };
		BCA8A2602ACF1B69000973F4 /* SettingsViewController.swift */ = {isa = PBXFileReference; lastKnownFileType = sourcecode.swift; path = SettingsViewController.swift; sourceTree = "<group>"; };
		BCA8A2622ACF1EA1000973F4 /* SettingsList.swift */ = {isa = PBXFileReference; lastKnownFileType = sourcecode.swift; path = SettingsList.swift; sourceTree = "<group>"; };
		BCA8A2642ACF215F000973F4 /* SettingsButton.swift */ = {isa = PBXFileReference; lastKnownFileType = sourcecode.swift; path = SettingsButton.swift; sourceTree = "<group>"; };
		BCA8A2662ACF2ED9000973F4 /* SettingsStackView.swift */ = {isa = PBXFileReference; lastKnownFileType = sourcecode.swift; path = SettingsStackView.swift; sourceTree = "<group>"; };
		BCA8EF332AC8CD6F00C39E5A /* WeatherTableViewCell.swift */ = {isa = PBXFileReference; lastKnownFileType = sourcecode.swift; path = WeatherTableViewCell.swift; sourceTree = "<group>"; };
		BCA8EF352AC8E44E00C39E5A /* WeatherOptions.swift */ = {isa = PBXFileReference; lastKnownFileType = sourcecode.swift; path = WeatherOptions.swift; sourceTree = "<group>"; };
		BCE4F5FE2AC37BD200795144 /* OnboardingViewController.swift */ = {isa = PBXFileReference; lastKnownFileType = sourcecode.swift; path = OnboardingViewController.swift; sourceTree = "<group>"; };
/* End PBXFileReference section */

/* Begin PBXFrameworksBuildPhase section */
		BCA2633E2AC20D1800E753FB /* Frameworks */ = {
			isa = PBXFrameworksBuildPhase;
			buildActionMask = 2147483647;
			files = (
				BC317A162AFD5A2C00CBC932 /* SkeletonView in Frameworks */,
				BC85E4282AD3618F00E117F2 /* RealmSwift in Frameworks */,
				BC85E4262AD3618F00E117F2 /* Realm in Frameworks */,
				BCA8A2522ACB67BC000973F4 /* DGCharts in Frameworks */,
			);
			runOnlyForDeploymentPostprocessing = 0;
		};
/* End PBXFrameworksBuildPhase section */

/* Begin PBXGroup section */
		BC317A192AFD5CB200CBC932 /* WeatherLoad */ = {
			isa = PBXGroup;
			children = (
				BC317A172AFD5C9500CBC932 /* WeatherLoad.swift */,
			);
			path = WeatherLoad;
			sourceTree = "<group>";
		};
		BC37E33E2AC9EC250084B635 /* Forecast24Hours */ = {
			isa = PBXGroup;
			children = (
				BC37E33F2AC9EC710084B635 /* Forecast24HoursViewController.swift */,
				BCA8A25D2ACDF640000973F4 /* ForecastTableViewCell.swift */,
				BCA8A2592ACC8217000973F4 /* Forecast24HoursHeaderView.swift */,
				BCA8A25B2ACC9728000973F4 /* ForecastCollectionViewCell.swift */,
				BCA8A2572ACC80E6000973F4 /* LineChartFillFormatter.swift */,
				BCA8A2552ACC7F38000973F4 /* ChartValueFormatter.swift */,
			);
			path = Forecast24Hours;
			sourceTree = "<group>";
		};
		BC51D1DB2B05236500124769 /* Locale */ = {
			isa = PBXGroup;
			children = (
				BC51D1D92B05235A00124769 /* Localized.swift */,
				BC51D1E12B053B0900124769 /* Localizable.strings */,
			);
			path = Locale;
			sourceTree = "<group>";
		};
		BC85E41C2AD0D56D00E117F2 /* WeatherService */ = {
			isa = PBXGroup;
			children = (
				BC85E41D2AD0D72B00E117F2 /* WeatherData.swift */,
			);
			path = WeatherService;
			sourceTree = "<group>";
		};
		BC85E4212AD2E5AA00E117F2 /* RealmModels */ = {
			isa = PBXGroup;
			children = (
				BC85E4222AD2E5BE00E117F2 /* LocationObject.swift */,
				BC85E4332AD3F49100E117F2 /* WeatherForecastDailyObject.swift */,
				BC85E4352AD40EE300E117F2 /* WeatherForecastHourlyObject.swift */,
				BC85E4372AD40F3700E117F2 /* WeatherForecastCurrentObject.swift */,
			);
			path = RealmModels;
			sourceTree = "<group>";
		};
		BC85E4292AD362DC00E117F2 /* Models */ = {
			isa = PBXGroup;
			children = (
				BC85E42A2AD364F900E117F2 /* Location.swift */,
				BC38C57F2AC7734B009A381B /* WeatherForecastDaily.swift */,
				BC85E42F2AD3F22F00E117F2 /* WeatherForecastHourly.swift */,
				BC85E4312AD3F27400E117F2 /* WeatherForecastCurrent.swift */,
			);
			path = Models;
			sourceTree = "<group>";
		};
		BC85E42C2AD36A2400E117F2 /* Realm */ = {
			isa = PBXGroup;
			children = (
				BC85E42D2AD36A4200E117F2 /* RealmService.swift */,
			);
			path = Realm;
			sourceTree = "<group>";
		};
		BC85E4392AD4682900E117F2 /* WeatherFormats */ = {
			isa = PBXGroup;
			children = (
				BC85E41F2AD0E09E00E117F2 /* WeatherFormats.swift */,
			);
			path = WeatherFormats;
			sourceTree = "<group>";
		};
		BCA263382AC20D1800E753FB = {
			isa = PBXGroup;
			children = (
				BCA263432AC20D1800E753FB /* WeatherApp */,
				BCA263422AC20D1800E753FB /* Products */,
			);
			sourceTree = "<group>";
		};
		BCA263422AC20D1800E753FB /* Products */ = {
			isa = PBXGroup;
			children = (
				BCA263412AC20D1800E753FB /* WeatherApp.app */,
			);
			name = Products;
			sourceTree = "<group>";
		};
		BCA263432AC20D1800E753FB /* WeatherApp */ = {
			isa = PBXGroup;
			children = (
				BC85E41B2AD0C84900E117F2 /* WeatherApp.entitlements */,
				BCA263662AC2157B00E753FB /* App Layer */,
				BCA263672AC2163900E753FB /* Presentation Layer */,
				BCA263682AC2166D00E753FB /* Business Logic Layer */,
				BCA263692AC2168200E753FB /* Core Layer */,
				BCA263652AC2156700E753FB /* Resources */,
				BCA263522AC20D1900E753FB /* Info.plist */,
				BC065E542B0756A50002E6FD /* InfoPlist.strings */,
			);
			path = WeatherApp;
			sourceTree = "<group>";
		};
		BCA263652AC2156700E753FB /* Resources */ = {
			isa = PBXGroup;
			children = (
				BCA2634D2AC20D1900E753FB /* Assets.xcassets */,
				BCA2634F2AC20D1900E753FB /* LaunchScreen.storyboard */,
				BCA2636A2AC21E8000E753FB /* Fonts */,
			);
			path = Resources;
			sourceTree = "<group>";
		};
		BCA263662AC2157B00E753FB /* App Layer */ = {
			isa = PBXGroup;
			children = (
				BCA263442AC20D1800E753FB /* AppDelegate.swift */,
				BCA263462AC20D1800E753FB /* SceneDelegate.swift */,
			);
			path = "App Layer";
			sourceTree = "<group>";
		};
		BCA263672AC2163900E753FB /* Presentation Layer */ = {
			isa = PBXGroup;
			children = (
				BCE4F5FC2AC37B8D00795144 /* Onboarding */,
				BCE4F5FB2AC37B6700795144 /* Weather */,
				BC37E33E2AC9EC250084B635 /* Forecast24Hours */,
				BCE4F5FD2AC37B9700795144 /* Settings */,
				BC85E4392AD4682900E117F2 /* WeatherFormats */,
				BC51D1DB2B05236500124769 /* Locale */,
			);
			path = "Presentation Layer";
			sourceTree = "<group>";
		};
		BCA263682AC2166D00E753FB /* Business Logic Layer */ = {
			isa = PBXGroup;
			children = (
				BC317A192AFD5CB200CBC932 /* WeatherLoad */,
				BC85E42C2AD36A2400E117F2 /* Realm */,
			);
			path = "Business Logic Layer";
			sourceTree = "<group>";
		};
		BCA263692AC2168200E753FB /* Core Layer */ = {
			isa = PBXGroup;
			children = (
				BC85E4212AD2E5AA00E117F2 /* RealmModels */,
				BC85E41C2AD0D56D00E117F2 /* WeatherService */,
			);
			path = "Core Layer";
			sourceTree = "<group>";
		};
		BCA2636A2AC21E8000E753FB /* Fonts */ = {
			isa = PBXGroup;
			children = (
				BCA2636B2AC21EB800E753FB /* Rubik */,
			);
			path = Fonts;
			sourceTree = "<group>";
		};
		BCA2636B2AC21EB800E753FB /* Rubik */ = {
			isa = PBXGroup;
			children = (
				BCA2636C2AC21F3600E753FB /* Rubik-VariableFont_wght.ttf */,
			);
			path = Rubik;
			sourceTree = "<group>";
		};
		BCE4F5FB2AC37B6700795144 /* Weather */ = {
			isa = PBXGroup;
			children = (
				BC3389E22AC4C7FE00B6514E /* WeatherPageViewController.swift */,
				BCA263482AC20D1800E753FB /* WeatherViewController.swift */,
				BCA8EF332AC8CD6F00C39E5A /* WeatherTableViewCell.swift */,
				BC32C7B72AC609FC00AFB265 /* WeatherHeaderView.swift */,
				BC484EB32AF2D94F00E40479 /* WeatherFooterView.swift */,
				BC32C7BB2AC64AC800AFB265 /* WeatherMainInfoView.swift */,
				BC38C5812AC776B6009A381B /* WeatherCollectionViewCell.swift */,
				BC32C7B92AC6132700AFB265 /* SemiCircleView.swift */,
				BCA8EF352AC8E44E00C39E5A /* WeatherOptions.swift */,
				BC85E4292AD362DC00E117F2 /* Models */,
			);
			path = Weather;
			sourceTree = "<group>";
		};
		BCE4F5FC2AC37B8D00795144 /* Onboarding */ = {
			isa = PBXGroup;
			children = (
				BCE4F5FE2AC37BD200795144 /* OnboardingViewController.swift */,
				BC3389E02AC39EB200B6514E /* ShadowButton.swift */,
			);
			path = Onboarding;
			sourceTree = "<group>";
		};
		BCE4F5FD2AC37B9700795144 /* Settings */ = {
			isa = PBXGroup;
			children = (
				BCA8A2602ACF1B69000973F4 /* SettingsViewController.swift */,
				BCA8A2662ACF2ED9000973F4 /* SettingsStackView.swift */,
				BCA8A2642ACF215F000973F4 /* SettingsButton.swift */,
				BCA8A2622ACF1EA1000973F4 /* SettingsList.swift */,
			);
			path = Settings;
			sourceTree = "<group>";
		};
/* End PBXGroup section */

/* Begin PBXNativeTarget section */
		BCA263402AC20D1800E753FB /* WeatherApp */ = {
			isa = PBXNativeTarget;
			buildConfigurationList = BCA263552AC20D1900E753FB /* Build configuration list for PBXNativeTarget "WeatherApp" */;
			buildPhases = (
				BCA2633D2AC20D1800E753FB /* Sources */,
				BCA2633E2AC20D1800E753FB /* Frameworks */,
				BCA2633F2AC20D1800E753FB /* Resources */,
				BC5EB8F02ADC52260064264C /* Embed Frameworks */,
			);
			buildRules = (
			);
			dependencies = (
			);
			name = WeatherApp;
			packageProductDependencies = (
				BCA8A2512ACB67BC000973F4 /* DGCharts */,
				BC85E4252AD3618F00E117F2 /* Realm */,
				BC85E4272AD3618F00E117F2 /* RealmSwift */,
				BC317A152AFD5A2C00CBC932 /* SkeletonView */,
			);
			productName = WeatherApp;
			productReference = BCA263412AC20D1800E753FB /* WeatherApp.app */;
			productType = "com.apple.product-type.application";
		};
/* End PBXNativeTarget section */

/* Begin PBXProject section */
		BCA263392AC20D1800E753FB /* Project object */ = {
			isa = PBXProject;
			attributes = {
				BuildIndependentTargetsInParallel = 1;
				LastSwiftUpdateCheck = 1500;
				LastUpgradeCheck = 1500;
				TargetAttributes = {
					BCA263402AC20D1800E753FB = {
						CreatedOnToolsVersion = 15.0;
					};
				};
			};
			buildConfigurationList = BCA2633C2AC20D1800E753FB /* Build configuration list for PBXProject "WeatherApp" */;
			compatibilityVersion = "Xcode 14.0";
			developmentRegion = en;
			hasScannedForEncodings = 0;
			knownRegions = (
				en,
				Base,
				ru,
			);
			mainGroup = BCA263382AC20D1800E753FB;
			packageReferences = (
				BCA8A2502ACB67BC000973F4 /* XCRemoteSwiftPackageReference "Charts" */,
				BC85E4242AD3618F00E117F2 /* XCRemoteSwiftPackageReference "realm-swift" */,
				BC317A142AFD5A2C00CBC932 /* XCRemoteSwiftPackageReference "SkeletonView" */,
			);
			productRefGroup = BCA263422AC20D1800E753FB /* Products */;
			projectDirPath = "";
			projectRoot = "";
			targets = (
				BCA263402AC20D1800E753FB /* WeatherApp */,
			);
		};
/* End PBXProject section */

/* Begin PBXResourcesBuildPhase section */
		BCA2633F2AC20D1800E753FB /* Resources */ = {
			isa = PBXResourcesBuildPhase;
			buildActionMask = 2147483647;
			files = (
				BCA2636D2AC21F3600E753FB /* Rubik-VariableFont_wght.ttf in Resources */,
				BC51D1DF2B053B0900124769 /* Localizable.strings in Resources */,
				BCA263512AC20D1900E753FB /* LaunchScreen.storyboard in Resources */,
				BCA2634E2AC20D1900E753FB /* Assets.xcassets in Resources */,
				BC065E522B0756A50002E6FD /* InfoPlist.strings in Resources */,
			);
			runOnlyForDeploymentPostprocessing = 0;
		};
/* End PBXResourcesBuildPhase section */

/* Begin PBXSourcesBuildPhase section */
		BCA2633D2AC20D1800E753FB /* Sources */ = {
			isa = PBXSourcesBuildPhase;
			buildActionMask = 2147483647;
			files = (
				BCA8EF342AC8CD6F00C39E5A /* WeatherTableViewCell.swift in Sources */,
				BCA8A2582ACC80E7000973F4 /* LineChartFillFormatter.swift in Sources */,
				BCA8A2612ACF1B69000973F4 /* SettingsViewController.swift in Sources */,
				BC85E4322AD3F27400E117F2 /* WeatherForecastCurrent.swift in Sources */,
				BCA263492AC20D1800E753FB /* WeatherViewController.swift in Sources */,
				BCA8A25C2ACC9728000973F4 /* ForecastCollectionViewCell.swift in Sources */,
				BC85E4382AD40F3700E117F2 /* WeatherForecastCurrentObject.swift in Sources */,
				BCA8A2632ACF1EA2000973F4 /* SettingsList.swift in Sources */,
				BCA8A2672ACF2ED9000973F4 /* SettingsStackView.swift in Sources */,
				BC3389E12AC39EB200B6514E /* ShadowButton.swift in Sources */,
				BC38C5822AC776B6009A381B /* WeatherCollectionViewCell.swift in Sources */,
				BCA8EF362AC8E44E00C39E5A /* WeatherOptions.swift in Sources */,
				BC85E4302AD3F22F00E117F2 /* WeatherForecastHourly.swift in Sources */,
				BC51D1DA2B05235A00124769 /* Localized.swift in Sources */,
				BC32C7BA2AC6132700AFB265 /* SemiCircleView.swift in Sources */,
				BC32C7BC2AC64AC800AFB265 /* WeatherMainInfoView.swift in Sources */,
				BC85E4232AD2E5BE00E117F2 /* LocationObject.swift in Sources */,
				BC85E42B2AD364F900E117F2 /* Location.swift in Sources */,
				BCA8A2562ACC7F38000973F4 /* ChartValueFormatter.swift in Sources */,
				BC32C7B82AC609FC00AFB265 /* WeatherHeaderView.swift in Sources */,
				BC3389E32AC4C7FE00B6514E /* WeatherPageViewController.swift in Sources */,
				BCA263452AC20D1800E753FB /* AppDelegate.swift in Sources */,
				BC37E3402AC9EC710084B635 /* Forecast24HoursViewController.swift in Sources */,
				BCA8A25A2ACC8217000973F4 /* Forecast24HoursHeaderView.swift in Sources */,
				BCA8A25E2ACDF640000973F4 /* ForecastTableViewCell.swift in Sources */,
				BC484EB42AF2D94F00E40479 /* WeatherFooterView.swift in Sources */,
				BC85E4362AD40EE300E117F2 /* WeatherForecastHourlyObject.swift in Sources */,
				BCA263472AC20D1800E753FB /* SceneDelegate.swift in Sources */,
				BC38C5802AC7734B009A381B /* WeatherForecastDaily.swift in Sources */,
				BC85E42E2AD36A4200E117F2 /* RealmService.swift in Sources */,
				BC317A182AFD5C9500CBC932 /* WeatherLoad.swift in Sources */,
				BCA8A2652ACF215F000973F4 /* SettingsButton.swift in Sources */,
				BC85E41E2AD0D72B00E117F2 /* WeatherData.swift in Sources */,
				BC85E4202AD0E09E00E117F2 /* WeatherFormats.swift in Sources */,
				BC85E4342AD3F49100E117F2 /* WeatherForecastDailyObject.swift in Sources */,
				BCE4F5FF2AC37BD200795144 /* OnboardingViewController.swift in Sources */,
			);
			runOnlyForDeploymentPostprocessing = 0;
		};
/* End PBXSourcesBuildPhase section */

/* Begin PBXVariantGroup section */
		BC065E542B0756A50002E6FD /* InfoPlist.strings */ = {
			isa = PBXVariantGroup;
			children = (
				BC065E532B0756A50002E6FD /* ru */,
			);
			name = InfoPlist.strings;
			sourceTree = "<group>";
		};
		BC51D1E12B053B0900124769 /* Localizable.strings */ = {
			isa = PBXVariantGroup;
			children = (
				BC51D1E02B053B0900124769 /* ru */,
			);
			name = Localizable.strings;
			sourceTree = "<group>";
		};
		BCA2634F2AC20D1900E753FB /* LaunchScreen.storyboard */ = {
			isa = PBXVariantGroup;
			children = (
				BCA263502AC20D1900E753FB /* Base */,
				BC51D1DC2B05242100124769 /* ru */,
			);
			name = LaunchScreen.storyboard;
			sourceTree = "<group>";
		};
/* End PBXVariantGroup section */

/* Begin XCBuildConfiguration section */
		BCA263532AC20D1900E753FB /* Debug */ = {
			isa = XCBuildConfiguration;
			buildSettings = {
				ALWAYS_SEARCH_USER_PATHS = NO;
				ASSETCATALOG_COMPILER_GENERATE_SWIFT_ASSET_SYMBOL_EXTENSIONS = YES;
				CLANG_ANALYZER_LOCALIZABILITY_NONLOCALIZED = YES;
				CLANG_ANALYZER_NONNULL = YES;
				CLANG_ANALYZER_NUMBER_OBJECT_CONVERSION = YES_AGGRESSIVE;
				CLANG_CXX_LANGUAGE_STANDARD = "gnu++20";
				CLANG_ENABLE_MODULES = YES;
				CLANG_ENABLE_OBJC_ARC = YES;
				CLANG_ENABLE_OBJC_WEAK = YES;
				CLANG_WARN_BLOCK_CAPTURE_AUTORELEASING = YES;
				CLANG_WARN_BOOL_CONVERSION = YES;
				CLANG_WARN_COMMA = YES;
				CLANG_WARN_CONSTANT_CONVERSION = YES;
				CLANG_WARN_DEPRECATED_OBJC_IMPLEMENTATIONS = YES;
				CLANG_WARN_DIRECT_OBJC_ISA_USAGE = YES_ERROR;
				CLANG_WARN_DOCUMENTATION_COMMENTS = YES;
				CLANG_WARN_EMPTY_BODY = YES;
				CLANG_WARN_ENUM_CONVERSION = YES;
				CLANG_WARN_INFINITE_RECURSION = YES;
				CLANG_WARN_INT_CONVERSION = YES;
				CLANG_WARN_NON_LITERAL_NULL_CONVERSION = YES;
				CLANG_WARN_OBJC_IMPLICIT_RETAIN_SELF = YES;
				CLANG_WARN_OBJC_LITERAL_CONVERSION = YES;
				CLANG_WARN_OBJC_ROOT_CLASS = YES_ERROR;
				CLANG_WARN_QUOTED_INCLUDE_IN_FRAMEWORK_HEADER = YES;
				CLANG_WARN_RANGE_LOOP_ANALYSIS = YES;
				CLANG_WARN_STRICT_PROTOTYPES = YES;
				CLANG_WARN_SUSPICIOUS_MOVE = YES;
				CLANG_WARN_UNGUARDED_AVAILABILITY = YES_AGGRESSIVE;
				CLANG_WARN_UNREACHABLE_CODE = YES;
				CLANG_WARN__DUPLICATE_METHOD_MATCH = YES;
				COPY_PHASE_STRIP = NO;
				DEBUG_INFORMATION_FORMAT = dwarf;
				ENABLE_STRICT_OBJC_MSGSEND = YES;
				ENABLE_TESTABILITY = YES;
				ENABLE_USER_SCRIPT_SANDBOXING = YES;
				GCC_C_LANGUAGE_STANDARD = gnu17;
				GCC_DYNAMIC_NO_PIC = NO;
				GCC_NO_COMMON_BLOCKS = YES;
				GCC_OPTIMIZATION_LEVEL = 0;
				GCC_PREPROCESSOR_DEFINITIONS = (
					"DEBUG=1",
					"$(inherited)",
				);
				GCC_WARN_64_TO_32_BIT_CONVERSION = YES;
				GCC_WARN_ABOUT_RETURN_TYPE = YES_ERROR;
				GCC_WARN_UNDECLARED_SELECTOR = YES;
				GCC_WARN_UNINITIALIZED_AUTOS = YES_AGGRESSIVE;
				GCC_WARN_UNUSED_FUNCTION = YES;
				GCC_WARN_UNUSED_VARIABLE = YES;
				IPHONEOS_DEPLOYMENT_TARGET = 16.0;
				LOCALIZATION_PREFERS_STRING_CATALOGS = YES;
				MTL_ENABLE_DEBUG_INFO = INCLUDE_SOURCE;
				MTL_FAST_MATH = YES;
				ONLY_ACTIVE_ARCH = YES;
				SDKROOT = iphoneos;
				SWIFT_ACTIVE_COMPILATION_CONDITIONS = "DEBUG $(inherited)";
				SWIFT_OPTIMIZATION_LEVEL = "-Onone";
			};
			name = Debug;
		};
		BCA263542AC20D1900E753FB /* Release */ = {
			isa = XCBuildConfiguration;
			buildSettings = {
				ALWAYS_SEARCH_USER_PATHS = NO;
				ASSETCATALOG_COMPILER_GENERATE_SWIFT_ASSET_SYMBOL_EXTENSIONS = YES;
				CLANG_ANALYZER_LOCALIZABILITY_NONLOCALIZED = YES;
				CLANG_ANALYZER_NONNULL = YES;
				CLANG_ANALYZER_NUMBER_OBJECT_CONVERSION = YES_AGGRESSIVE;
				CLANG_CXX_LANGUAGE_STANDARD = "gnu++20";
				CLANG_ENABLE_MODULES = YES;
				CLANG_ENABLE_OBJC_ARC = YES;
				CLANG_ENABLE_OBJC_WEAK = YES;
				CLANG_WARN_BLOCK_CAPTURE_AUTORELEASING = YES;
				CLANG_WARN_BOOL_CONVERSION = YES;
				CLANG_WARN_COMMA = YES;
				CLANG_WARN_CONSTANT_CONVERSION = YES;
				CLANG_WARN_DEPRECATED_OBJC_IMPLEMENTATIONS = YES;
				CLANG_WARN_DIRECT_OBJC_ISA_USAGE = YES_ERROR;
				CLANG_WARN_DOCUMENTATION_COMMENTS = YES;
				CLANG_WARN_EMPTY_BODY = YES;
				CLANG_WARN_ENUM_CONVERSION = YES;
				CLANG_WARN_INFINITE_RECURSION = YES;
				CLANG_WARN_INT_CONVERSION = YES;
				CLANG_WARN_NON_LITERAL_NULL_CONVERSION = YES;
				CLANG_WARN_OBJC_IMPLICIT_RETAIN_SELF = YES;
				CLANG_WARN_OBJC_LITERAL_CONVERSION = YES;
				CLANG_WARN_OBJC_ROOT_CLASS = YES_ERROR;
				CLANG_WARN_QUOTED_INCLUDE_IN_FRAMEWORK_HEADER = YES;
				CLANG_WARN_RANGE_LOOP_ANALYSIS = YES;
				CLANG_WARN_STRICT_PROTOTYPES = YES;
				CLANG_WARN_SUSPICIOUS_MOVE = YES;
				CLANG_WARN_UNGUARDED_AVAILABILITY = YES_AGGRESSIVE;
				CLANG_WARN_UNREACHABLE_CODE = YES;
				CLANG_WARN__DUPLICATE_METHOD_MATCH = YES;
				COPY_PHASE_STRIP = NO;
				DEBUG_INFORMATION_FORMAT = "dwarf-with-dsym";
				ENABLE_NS_ASSERTIONS = NO;
				ENABLE_STRICT_OBJC_MSGSEND = YES;
				ENABLE_USER_SCRIPT_SANDBOXING = YES;
				GCC_C_LANGUAGE_STANDARD = gnu17;
				GCC_NO_COMMON_BLOCKS = YES;
				GCC_WARN_64_TO_32_BIT_CONVERSION = YES;
				GCC_WARN_ABOUT_RETURN_TYPE = YES_ERROR;
				GCC_WARN_UNDECLARED_SELECTOR = YES;
				GCC_WARN_UNINITIALIZED_AUTOS = YES_AGGRESSIVE;
				GCC_WARN_UNUSED_FUNCTION = YES;
				GCC_WARN_UNUSED_VARIABLE = YES;
				IPHONEOS_DEPLOYMENT_TARGET = 16.0;
				LOCALIZATION_PREFERS_STRING_CATALOGS = YES;
				MTL_ENABLE_DEBUG_INFO = NO;
				MTL_FAST_MATH = YES;
				SDKROOT = iphoneos;
				SWIFT_COMPILATION_MODE = wholemodule;
				VALIDATE_PRODUCT = YES;
			};
			name = Release;
		};
		BCA263562AC20D1900E753FB /* Debug */ = {
			isa = XCBuildConfiguration;
			buildSettings = {
				ASSETCATALOG_COMPILER_APPICON_NAME = AppIcon;
				ASSETCATALOG_COMPILER_GLOBAL_ACCENT_COLOR_NAME = AccentColor;
				CODE_SIGN_ENTITLEMENTS = WeatherApp/WeatherApp.entitlements;
				CODE_SIGN_IDENTITY = "Apple Development";
				CODE_SIGN_STYLE = Automatic;
				CURRENT_PROJECT_VERSION = 27;
				DEVELOPMENT_TEAM = ZK7BYU4ARD;
				GENERATE_INFOPLIST_FILE = YES;
				INFOPLIST_FILE = WeatherApp/Info.plist;
				INFOPLIST_KEY_CFBundleDisplayName = WeatherApp;
				INFOPLIST_KEY_LSApplicationCategoryType = "public.app-category.weather";
				INFOPLIST_KEY_NSLocationWhenInUseUsageDescription = "The application needs the location data of your device to show the weather forecast for your current location";
				INFOPLIST_KEY_UIApplicationSupportsIndirectInputEvents = YES;
				INFOPLIST_KEY_UILaunchStoryboardName = LaunchScreen;
				INFOPLIST_KEY_UISupportedInterfaceOrientations = UIInterfaceOrientationPortrait;
				INFOPLIST_KEY_UISupportedInterfaceOrientations_iPad = "UIInterfaceOrientationLandscapeLeft UIInterfaceOrientationLandscapeRight UIInterfaceOrientationPortrait UIInterfaceOrientationPortraitUpsideDown";
				IPHONEOS_DEPLOYMENT_TARGET = 16.0;
				LD_RUNPATH_SEARCH_PATHS = (
					"$(inherited)",
					"@executable_path/Frameworks",
				);
				MARKETING_VERSION = 1.0;
				PRODUCT_BUNDLE_IDENTIFIER = ru.matsulenko.WeatherApp;
				PRODUCT_NAME = "$(TARGET_NAME)";
				PROVISIONING_PROFILE_SPECIFIER = "";
				SUPPORTED_PLATFORMS = "iphoneos iphonesimulator";
				SUPPORTS_MACCATALYST = NO;
				SUPPORTS_MAC_DESIGNED_FOR_IPHONE_IPAD = NO;
				SWIFT_EMIT_LOC_STRINGS = YES;
				SWIFT_VERSION = 5.0;
				TARGETED_DEVICE_FAMILY = "1,2";
			};
			name = Debug;
		};
		BCA263572AC20D1900E753FB /* Release */ = {
			isa = XCBuildConfiguration;
			buildSettings = {
				ASSETCATALOG_COMPILER_APPICON_NAME = AppIcon;
				ASSETCATALOG_COMPILER_GLOBAL_ACCENT_COLOR_NAME = AccentColor;
				CODE_SIGN_ENTITLEMENTS = WeatherApp/WeatherApp.entitlements;
				CODE_SIGN_IDENTITY = "Apple Development";
				CODE_SIGN_STYLE = Automatic;
				CURRENT_PROJECT_VERSION = 27;
				DEVELOPMENT_TEAM = ZK7BYU4ARD;
				GENERATE_INFOPLIST_FILE = YES;
				INFOPLIST_FILE = WeatherApp/Info.plist;
				INFOPLIST_KEY_CFBundleDisplayName = WeatherApp;
				INFOPLIST_KEY_LSApplicationCategoryType = "public.app-category.weather";
				INFOPLIST_KEY_NSLocationWhenInUseUsageDescription = "The application needs the location data of your device to show the weather forecast for your current location";
				INFOPLIST_KEY_UIApplicationSupportsIndirectInputEvents = YES;
				INFOPLIST_KEY_UILaunchStoryboardName = LaunchScreen;
				INFOPLIST_KEY_UISupportedInterfaceOrientations = UIInterfaceOrientationPortrait;
				INFOPLIST_KEY_UISupportedInterfaceOrientations_iPad = "UIInterfaceOrientationLandscapeLeft UIInterfaceOrientationLandscapeRight UIInterfaceOrientationPortrait UIInterfaceOrientationPortraitUpsideDown";
				IPHONEOS_DEPLOYMENT_TARGET = 16.0;
				LD_RUNPATH_SEARCH_PATHS = (
					"$(inherited)",
					"@executable_path/Frameworks",
				);
				MARKETING_VERSION = 1.0;
				PRODUCT_BUNDLE_IDENTIFIER = ru.matsulenko.WeatherApp;
				PRODUCT_NAME = "$(TARGET_NAME)";
				PROVISIONING_PROFILE_SPECIFIER = "";
				SUPPORTED_PLATFORMS = "iphoneos iphonesimulator";
				SUPPORTS_MACCATALYST = NO;
				SUPPORTS_MAC_DESIGNED_FOR_IPHONE_IPAD = NO;
				SWIFT_EMIT_LOC_STRINGS = YES;
				SWIFT_VERSION = 5.0;
				TARGETED_DEVICE_FAMILY = "1,2";
			};
			name = Release;
		};
/* End XCBuildConfiguration section */

/* Begin XCConfigurationList section */
		BCA2633C2AC20D1800E753FB /* Build configuration list for PBXProject "WeatherApp" */ = {
			isa = XCConfigurationList;
			buildConfigurations = (
				BCA263532AC20D1900E753FB /* Debug */,
				BCA263542AC20D1900E753FB /* Release */,
			);
			defaultConfigurationIsVisible = 0;
			defaultConfigurationName = Release;
		};
		BCA263552AC20D1900E753FB /* Build configuration list for PBXNativeTarget "WeatherApp" */ = {
			isa = XCConfigurationList;
			buildConfigurations = (
				BCA263562AC20D1900E753FB /* Debug */,
				BCA263572AC20D1900E753FB /* Release */,
			);
			defaultConfigurationIsVisible = 0;
			defaultConfigurationName = Release;
		};
/* End XCConfigurationList section */

/* Begin XCRemoteSwiftPackageReference section */
		BC317A142AFD5A2C00CBC932 /* XCRemoteSwiftPackageReference "SkeletonView" */ = {
			isa = XCRemoteSwiftPackageReference;
			repositoryURL = "https://github.com/Juanpe/SkeletonView";
			requirement = {
				kind = upToNextMajorVersion;
				minimumVersion = 1.30.4;
			};
		};
		BC85E4242AD3618F00E117F2 /* XCRemoteSwiftPackageReference "realm-swift" */ = {
			isa = XCRemoteSwiftPackageReference;
			repositoryURL = "https://github.com/realm/realm-swift";
			requirement = {
				kind = upToNextMajorVersion;
				minimumVersion = 10.42.1;
			};
		};
		BCA8A2502ACB67BC000973F4 /* XCRemoteSwiftPackageReference "Charts" */ = {
			isa = XCRemoteSwiftPackageReference;
			repositoryURL = "https://github.com/danielgindi/Charts";
			requirement = {
				kind = upToNextMajorVersion;
				minimumVersion = 5.0.0;
			};
		};
/* End XCRemoteSwiftPackageReference section */

/* Begin XCSwiftPackageProductDependency section */
		BC317A152AFD5A2C00CBC932 /* SkeletonView */ = {
			isa = XCSwiftPackageProductDependency;
			package = BC317A142AFD5A2C00CBC932 /* XCRemoteSwiftPackageReference "SkeletonView" */;
			productName = SkeletonView;
		};
		BC85E4252AD3618F00E117F2 /* Realm */ = {
			isa = XCSwiftPackageProductDependency;
			package = BC85E4242AD3618F00E117F2 /* XCRemoteSwiftPackageReference "realm-swift" */;
			productName = Realm;
		};
		BC85E4272AD3618F00E117F2 /* RealmSwift */ = {
			isa = XCSwiftPackageProductDependency;
			package = BC85E4242AD3618F00E117F2 /* XCRemoteSwiftPackageReference "realm-swift" */;
			productName = RealmSwift;
		};
		BCA8A2512ACB67BC000973F4 /* DGCharts */ = {
			isa = XCSwiftPackageProductDependency;
			package = BCA8A2502ACB67BC000973F4 /* XCRemoteSwiftPackageReference "Charts" */;
			productName = DGCharts;
		};
/* End XCSwiftPackageProductDependency section */
	};
	rootObject = BCA263392AC20D1800E753FB /* Project object */;
}
